
Microsoft Visual Studio Solution File, Format Version 12.00
# Visual Studio Version 17
VisualStudioVersion = 17.11.35312.102
MinimumVisualStudioVersion = 10.0.40219.1
Project("{FAE04EC0-301F-11D3-BF4B-00C04F79EFBC}") = "antoanthongtin_levantien", "antoanthongtin_levantien.csproj", "{C593AFFF-559F-4DED-8708-93B8340B5AA1}"
EndProject
Global
	GlobalSection(SolutionConfigurationPlatforms) = preSolution
		Debug|Any CPU = Debug|Any CPU
		Release|Any CPU = Release|Any CPU
	EndGlobalSection
	GlobalSection(ProjectConfigurationPlatforms) = postSolution
		{C593AFFF-559F-4DED-8708-93B8340B5AA1}.Debug|Any CPU.ActiveCfg = Debug|Any CPU
		{C593AFFF-559F-4DED-8708-93B8340B5AA1}.Debug|Any CPU.Build.0 = Debug|Any CPU
		{C593AFFF-559F-4DED-8708-93B8340B5AA1}.Release|Any CPU.ActiveCfg = Release|Any CPU
		{C593AFFF-559F-4DED-8708-93B8340B5AA1}.Release|Any CPU.Build.0 = Release|Any CPU
	EndGlobalSection
	GlobalSection(SolutionProperties) = preSolution
		HideSolutionNode = FALSE
	EndGlobalSection
	GlobalSection(ExtensibilityGlobals) = postSolution
		SolutionGuid = {E0834120-BFEA-48A7-AC20-88DF5CFFD6CE}
	EndGlobalSection
EndGlobal
